// !$*UTF8*$!
{
	archiveVersion = 1;
	classes = {
	};
	objectVersion = 46;
	objects = {

/* Begin PBXBuildFile section */
		BDA48B291EEEB88E00997FDE /* AppDelegate.swift in Sources */ = {isa = PBXBuildFile; fileRef = BDA48B281EEEB88E00997FDE /* AppDelegate.swift */; };
		BDA48B2B1EEEB88E00997FDE /* ViewController.swift in Sources */ = {isa = PBXBuildFile; fileRef = BDA48B2A1EEEB88E00997FDE /* ViewController.swift */; };
		BDA48B2E1EEEB88E00997FDE /* Main.storyboard in Resources */ = {isa = PBXBuildFile; fileRef = BDA48B2C1EEEB88E00997FDE /* Main.storyboard */; };
		BDA48B301EEEB88E00997FDE /* Assets.xcassets in Resources */ = {isa = PBXBuildFile; fileRef = BDA48B2F1EEEB88E00997FDE /* Assets.xcassets */; };
		BDA48B331EEEB88E00997FDE /* LaunchScreen.storyboard in Resources */ = {isa = PBXBuildFile; fileRef = BDA48B311EEEB88E00997FDE /* LaunchScreen.storyboard */; };
		BDA48B521EEFE78400997FDE /* SimplePing.m in Sources */ = {isa = PBXBuildFile; fileRef = BDA48B511EEFE78400997FDE /* SimplePing.m */; };
		BDEAAABE1EF023C2000AC455 /* EnamelKit.framework in Frameworks */ = {isa = PBXBuildFile; fileRef = BDA48B441EEEE17500997FDE /* EnamelKit.framework */; };
		BDEAAABF1EF023C2000AC455 /* EnamelKit.framework in Embed Frameworks */ = {isa = PBXBuildFile; fileRef = BDA48B441EEEE17500997FDE /* EnamelKit.framework */; settings = {ATTRIBUTES = (CodeSignOnCopy, RemoveHeadersOnCopy, ); }; };
		BDEAAAC31EF023E3000AC455 /* Enamel.framework in Frameworks */ = {isa = PBXBuildFile; fileRef = BDEAAAC21EF023E3000AC455 /* Enamel.framework */; };
		BDEAAAC41EF023E3000AC455 /* Enamel.framework in Embed Frameworks */ = {isa = PBXBuildFile; fileRef = BDEAAAC21EF023E3000AC455 /* Enamel.framework */; settings = {ATTRIBUTES = (CodeSignOnCopy, RemoveHeadersOnCopy, ); }; };
/* End PBXBuildFile section */

/* Begin PBXContainerItemProxy section */
		BDA48B431EEEE17500997FDE /* PBXContainerItemProxy */ = {
			isa = PBXContainerItemProxy;
			containerPortal = BDA48B3C1EEEE17400997FDE /* EnamelKit.xcodeproj */;
			proxyType = 2;
			remoteGlobalIDString = 714F86861D7086A0004D7FA9;
			remoteInfo = EnamelKit;
		};
		BDA48B451EEEE17500997FDE /* PBXContainerItemProxy */ = {
			isa = PBXContainerItemProxy;
			containerPortal = BDA48B3C1EEEE17400997FDE /* EnamelKit.xcodeproj */;
			proxyType = 2;
			remoteGlobalIDString = 714F86901D7086A0004D7FA9;
			remoteInfo = EnamelKitTests;
		};
		BDEAAAC01EF023C2000AC455 /* PBXContainerItemProxy */ = {
			isa = PBXContainerItemProxy;
			containerPortal = BDA48B3C1EEEE17400997FDE /* EnamelKit.xcodeproj */;
			proxyType = 1;
			remoteGlobalIDString = 714F86851D7086A0004D7FA9;
			remoteInfo = EnamelKit;
		};
/* End PBXContainerItemProxy section */

/* Begin PBXCopyFilesBuildPhase section */
		BDA48B4E1EEEF1A100997FDE /* Embed Frameworks */ = {
			isa = PBXCopyFilesBuildPhase;
			buildActionMask = 2147483647;
			dstPath = "";
			dstSubfolderSpec = 10;
			files = (
				BDEAAAC41EF023E3000AC455 /* Enamel.framework in Embed Frameworks */,
				BDEAAABF1EF023C2000AC455 /* EnamelKit.framework in Embed Frameworks */,
			);
			name = "Embed Frameworks";
			runOnlyForDeploymentPostprocessing = 0;
		};
/* End PBXCopyFilesBuildPhase section */

/* Begin PBXFileReference section */
		BDA48B251EEEB88E00997FDE /* speedtest.app */ = {isa = PBXFileReference; explicitFileType = wrapper.application; includeInIndex = 0; path = speedtest.app; sourceTree = BUILT_PRODUCTS_DIR; };
		BDA48B281EEEB88E00997FDE /* AppDelegate.swift */ = {isa = PBXFileReference; lastKnownFileType = sourcecode.swift; path = AppDelegate.swift; sourceTree = "<group>"; };
		BDA48B2A1EEEB88E00997FDE /* ViewController.swift */ = {isa = PBXFileReference; lastKnownFileType = sourcecode.swift; path = ViewController.swift; sourceTree = "<group>"; };
		BDA48B2D1EEEB88E00997FDE /* Base */ = {isa = PBXFileReference; lastKnownFileType = file.storyboard; name = Base; path = Base.lproj/Main.storyboard; sourceTree = "<group>"; };
		BDA48B2F1EEEB88E00997FDE /* Assets.xcassets */ = {isa = PBXFileReference; lastKnownFileType = folder.assetcatalog; path = Assets.xcassets; sourceTree = "<group>"; };
		BDA48B321EEEB88E00997FDE /* Base */ = {isa = PBXFileReference; lastKnownFileType = file.storyboard; name = Base; path = Base.lproj/LaunchScreen.storyboard; sourceTree = "<group>"; };
		BDA48B341EEEB88E00997FDE /* Info.plist */ = {isa = PBXFileReference; lastKnownFileType = text.plist.xml; path = Info.plist; sourceTree = "<group>"; };
		BDA48B3C1EEEE17400997FDE /* EnamelKit.xcodeproj */ = {isa = PBXFileReference; lastKnownFileType = "wrapper.pb-project"; name = EnamelKit.xcodeproj; path = ../../../Enamel/EnamelKit/EnamelKit.xcodeproj; sourceTree = "<group>"; };
		BDA48B4F1EEFE78300997FDE /* speedtest-Bridging-Header.h */ = {isa = PBXFileReference; lastKnownFileType = sourcecode.c.h; path = "speedtest-Bridging-Header.h"; sourceTree = "<group>"; };
		BDA48B501EEFE78400997FDE /* SimplePing.h */ = {isa = PBXFileReference; fileEncoding = 4; lastKnownFileType = sourcecode.c.h; path = SimplePing.h; sourceTree = "<group>"; };
		BDA48B511EEFE78400997FDE /* SimplePing.m */ = {isa = PBXFileReference; fileEncoding = 4; lastKnownFileType = sourcecode.c.objc; path = SimplePing.m; sourceTree = "<group>"; };
		BDEAAAC21EF023E3000AC455 /* Enamel.framework */ = {isa = PBXFileReference; explicitFileType = wrapper.framework; path = Enamel.framework; sourceTree = BUILT_PRODUCTS_DIR; };
/* End PBXFileReference section */

/* Begin PBXFrameworksBuildPhase section */
		BDA48B221EEEB88E00997FDE /* Frameworks */ = {
			isa = PBXFrameworksBuildPhase;
			buildActionMask = 2147483647;
			files = (
				BDEAAAC31EF023E3000AC455 /* Enamel.framework in Frameworks */,
				BDEAAABE1EF023C2000AC455 /* EnamelKit.framework in Frameworks */,
			);
			runOnlyForDeploymentPostprocessing = 0;
		};
/* End PBXFrameworksBuildPhase section */

/* Begin PBXGroup section */
		BDA48B1C1EEEB88E00997FDE = {
			isa = PBXGroup;
			children = (
				BDEAAAC21EF023E3000AC455 /* Enamel.framework */,
				BDA48B3C1EEEE17400997FDE /* EnamelKit.xcodeproj */,
				BDA48B271EEEB88E00997FDE /* speedtest */,
				BDA48B261EEEB88E00997FDE /* Products */,
			);
			sourceTree = "<group>";
		};
		BDA48B261EEEB88E00997FDE /* Products */ = {
			isa = PBXGroup;
			children = (
				BDA48B251EEEB88E00997FDE /* speedtest.app */,
			);
			name = Products;
			sourceTree = "<group>";
		};
		BDA48B271EEEB88E00997FDE /* speedtest */ = {
			isa = PBXGroup;
			children = (
				BDA48B281EEEB88E00997FDE /* AppDelegate.swift */,
				BDA48B2A1EEEB88E00997FDE /* ViewController.swift */,
				BDA48B2C1EEEB88E00997FDE /* Main.storyboard */,
				BDA48B501EEFE78400997FDE /* SimplePing.h */,
				BDA48B511EEFE78400997FDE /* SimplePing.m */,
				BDA48B2F1EEEB88E00997FDE /* Assets.xcassets */,
				BDA48B311EEEB88E00997FDE /* LaunchScreen.storyboard */,
				BDA48B341EEEB88E00997FDE /* Info.plist */,
				BDA48B4F1EEFE78300997FDE /* speedtest-Bridging-Header.h */,
			);
			path = speedtest;
			sourceTree = "<group>";
		};
		BDA48B3D1EEEE17400997FDE /* Products */ = {
			isa = PBXGroup;
			children = (
				BDA48B441EEEE17500997FDE /* EnamelKit.framework */,
				BDA48B461EEEE17500997FDE /* EnamelKitTests.xctest */,
			);
			name = Products;
			sourceTree = "<group>";
		};
/* End PBXGroup section */

/* Begin PBXNativeTarget section */
		BDA48B241EEEB88E00997FDE /* speedtest */ = {
			isa = PBXNativeTarget;
			buildConfigurationList = BDA48B371EEEB88E00997FDE /* Build configuration list for PBXNativeTarget "speedtest" */;
			buildPhases = (
				BDA48B211EEEB88E00997FDE /* Sources */,
				BDA48B221EEEB88E00997FDE /* Frameworks */,
				BDA48B231EEEB88E00997FDE /* Resources */,
				BDA48B4E1EEEF1A100997FDE /* Embed Frameworks */,
			);
			buildRules = (
			);
			dependencies = (
				BDEAAAC11EF023C2000AC455 /* PBXTargetDependency */,
			);
			name = speedtest;
			productName = speedtest;
			productReference = BDA48B251EEEB88E00997FDE /* speedtest.app */;
			productType = "com.apple.product-type.application";
		};
/* End PBXNativeTarget section */

/* Begin PBXProject section */
		BDA48B1D1EEEB88E00997FDE /* Project object */ = {
			isa = PBXProject;
			attributes = {
				LastSwiftUpdateCheck = 0830;
				LastUpgradeCheck = 0830;
				ORGANIZATIONNAME = "Sugarev, Thomas (iOS Developer)";
				TargetAttributes = {
					BDA48B241EEEB88E00997FDE = {
						CreatedOnToolsVersion = 8.3.2;
						DevelopmentTeam = A3FWCZ2C85;
						LastSwiftMigration = 0830;
						ProvisioningStyle = Automatic;
					};
				};
			};
			buildConfigurationList = BDA48B201EEEB88E00997FDE /* Build configuration list for PBXProject "speedtest" */;
			compatibilityVersion = "Xcode 3.2";
			developmentRegion = English;
			hasScannedForEncodings = 0;
			knownRegions = (
				en,
				Base,
			);
			mainGroup = BDA48B1C1EEEB88E00997FDE;
			productRefGroup = BDA48B261EEEB88E00997FDE /* Products */;
			projectDirPath = "";
			projectReferences = (
				{
					ProductGroup = BDA48B3D1EEEE17400997FDE /* Products */;
					ProjectRef = BDA48B3C1EEEE17400997FDE /* EnamelKit.xcodeproj */;
				},
			);
			projectRoot = "";
			targets = (
				BDA48B241EEEB88E00997FDE /* speedtest */,
			);
		};
/* End PBXProject section */

/* Begin PBXReferenceProxy section */
		BDA48B441EEEE17500997FDE /* EnamelKit.framework */ = {
			isa = PBXReferenceProxy;
			fileType = wrapper.framework;
			path = EnamelKit.framework;
			remoteRef = BDA48B431EEEE17500997FDE /* PBXContainerItemProxy */;
			sourceTree = BUILT_PRODUCTS_DIR;
		};
		BDA48B461EEEE17500997FDE /* EnamelKitTests.xctest */ = {
			isa = PBXReferenceProxy;
			fileType = wrapper.cfbundle;
			path = EnamelKitTests.xctest;
			remoteRef = BDA48B451EEEE17500997FDE /* PBXContainerItemProxy */;
			sourceTree = BUILT_PRODUCTS_DIR;
		};
/* End PBXReferenceProxy section */

/* Begin PBXResourcesBuildPhase section */
		BDA48B231EEEB88E00997FDE /* Resources */ = {
			isa = PBXResourcesBuildPhase;
			buildActionMask = 2147483647;
			files = (
				BDA48B331EEEB88E00997FDE /* LaunchScreen.storyboard in Resources */,
				BDA48B301EEEB88E00997FDE /* Assets.xcassets in Resources */,
				BDA48B2E1EEEB88E00997FDE /* Main.storyboard in Resources */,
			);
			runOnlyForDeploymentPostprocessing = 0;
		};
/* End PBXResourcesBuildPhase section */

/* Begin PBXSourcesBuildPhase section */
		BDA48B211EEEB88E00997FDE /* Sources */ = {
			isa = PBXSourcesBuildPhase;
			buildActionMask = 2147483647;
			files = (
				BDA48B521EEFE78400997FDE /* SimplePing.m in Sources */,
				BDA48B2B1EEEB88E00997FDE /* ViewController.swift in Sources */,
				BDA48B291EEEB88E00997FDE /* AppDelegate.swift in Sources */,
			);
			runOnlyForDeploymentPostprocessing = 0;
		};
/* End PBXSourcesBuildPhase section */

/* Begin PBXTargetDependency section */
		BDEAAAC11EF023C2000AC455 /* PBXTargetDependency */ = {
			isa = PBXTargetDependency;
			name = EnamelKit;
			targetProxy = BDEAAAC01EF023C2000AC455 /* PBXContainerItemProxy */;
		};
/* End PBXTargetDependency section */

/* Begin PBXVariantGroup section */
		BDA48B2C1EEEB88E00997FDE /* Main.storyboard */ = {
			isa = PBXVariantGroup;
			children = (
				BDA48B2D1EEEB88E00997FDE /* Base */,
			);
			name = Main.storyboard;
			sourceTree = "<group>";
		};
		BDA48B311EEEB88E00997FDE /* LaunchScreen.storyboard */ = {
			isa = PBXVariantGroup;
			children = (
				BDA48B321EEEB88E00997FDE /* Base */,
			);
			name = LaunchScreen.storyboard;
			sourceTree = "<group>";
		};
/* End PBXVariantGroup section */

/* Begin XCBuildConfiguration section */
		BDA48B351EEEB88E00997FDE /* Debug */ = {
			isa = XCBuildConfiguration;
			buildSettings = {
				ALWAYS_SEARCH_USER_PATHS = NO;
				CLANG_ANALYZER_NONNULL = YES;
				CLANG_ANALYZER_NUMBER_OBJECT_CONVERSION = YES_AGGRESSIVE;
				CLANG_CXX_LANGUAGE_STANDARD = "gnu++0x";
				CLANG_CXX_LIBRARY = "libc++";
				CLANG_ENABLE_MODULES = YES;
				CLANG_ENABLE_OBJC_ARC = YES;
				CLANG_WARN_BOOL_CONVERSION = YES;
				CLANG_WARN_CONSTANT_CONVERSION = YES;
				CLANG_WARN_DIRECT_OBJC_ISA_USAGE = YES_ERROR;
				CLANG_WARN_DOCUMENTATION_COMMENTS = YES;
				CLANG_WARN_EMPTY_BODY = YES;
				CLANG_WARN_ENUM_CONVERSION = YES;
				CLANG_WARN_INFINITE_RECURSION = YES;
				CLANG_WARN_INT_CONVERSION = YES;
				CLANG_WARN_OBJC_ROOT_CLASS = YES_ERROR;
				CLANG_WARN_SUSPICIOUS_MOVE = YES;
				CLANG_WARN_UNREACHABLE_CODE = YES;
				CLANG_WARN__DUPLICATE_METHOD_MATCH = YES;
				"CODE_SIGN_IDENTITY[sdk=iphoneos*]" = "iPhone Developer";
				COPY_PHASE_STRIP = NO;
				DEBUG_INFORMATION_FORMAT = dwarf;
				ENABLE_STRICT_OBJC_MSGSEND = YES;
				ENABLE_TESTABILITY = YES;
				GCC_C_LANGUAGE_STANDARD = gnu99;
				GCC_DYNAMIC_NO_PIC = NO;
				GCC_NO_COMMON_BLOCKS = YES;
				GCC_OPTIMIZATION_LEVEL = 0;
				GCC_PREPROCESSOR_DEFINITIONS = (
					"DEBUG=1",
					"$(inherited)",
				);
				GCC_WARN_64_TO_32_BIT_CONVERSION = YES;
				GCC_WARN_ABOUT_RETURN_TYPE = YES_ERROR;
				GCC_WARN_UNDECLARED_SELECTOR = YES;
				GCC_WARN_UNINITIALIZED_AUTOS = YES_AGGRESSIVE;
				GCC_WARN_UNUSED_FUNCTION = YES;
				GCC_WARN_UNUSED_VARIABLE = YES;
				IPHONEOS_DEPLOYMENT_TARGET = 10.3;
				MTL_ENABLE_DEBUG_INFO = YES;
				ONLY_ACTIVE_ARCH = YES;
				SDKROOT = iphoneos;
				SWIFT_ACTIVE_COMPILATION_CONDITIONS = DEBUG;
				SWIFT_OPTIMIZATION_LEVEL = "-Onone";
				TARGETED_DEVICE_FAMILY = "1,2";
			};
			name = Debug;
		};
		BDA48B361EEEB88E00997FDE /* Release */ = {
			isa = XCBuildConfiguration;
			buildSettings = {
				ALWAYS_SEARCH_USER_PATHS = NO;
				CLANG_ANALYZER_NONNULL = YES;
				CLANG_ANALYZER_NUMBER_OBJECT_CONVERSION = YES_AGGRESSIVE;
				CLANG_CXX_LANGUAGE_STANDARD = "gnu++0x";
				CLANG_CXX_LIBRARY = "libc++";
				CLANG_ENABLE_MODULES = YES;
				CLANG_ENABLE_OBJC_ARC = YES;
				CLANG_WARN_BOOL_CONVERSION = YES;
				CLANG_WARN_CONSTANT_CONVERSION = YES;
				CLANG_WARN_DIRECT_OBJC_ISA_USAGE = YES_ERROR;
				CLANG_WARN_DOCUMENTATION_COMMENTS = YES;
				CLANG_WARN_EMPTY_BODY = YES;
				CLANG_WARN_ENUM_CONVERSION = YES;
				CLANG_WARN_INFINITE_RECURSION = YES;
				CLANG_WARN_INT_CONVERSION = YES;
				CLANG_WARN_OBJC_ROOT_CLASS = YES_ERROR;
				CLANG_WARN_SUSPICIOUS_MOVE = YES;
				CLANG_WARN_UNREACHABLE_CODE = YES;
				CLANG_WARN__DUPLICATE_METHOD_MATCH = YES;
				"CODE_SIGN_IDENTITY[sdk=iphoneos*]" = "iPhone Developer";
				COPY_PHASE_STRIP = NO;
				DEBUG_INFORMATION_FORMAT = "dwarf-with-dsym";
				ENABLE_NS_ASSERTIONS = NO;
				ENABLE_STRICT_OBJC_MSGSEND = YES;
				GCC_C_LANGUAGE_STANDARD = gnu99;
				GCC_NO_COMMON_BLOCKS = YES;
				GCC_WARN_64_TO_32_BIT_CONVERSION = YES;
				GCC_WARN_ABOUT_RETURN_TYPE = YES_ERROR;
				GCC_WARN_UNDECLARED_SELECTOR = YES;
				GCC_WARN_UNINITIALIZED_AUTOS = YES_AGGRESSIVE;
				GCC_WARN_UNUSED_FUNCTION = YES;
				GCC_WARN_UNUSED_VARIABLE = YES;
				IPHONEOS_DEPLOYMENT_TARGET = 10.3;
				MTL_ENABLE_DEBUG_INFO = NO;
				SDKROOT = iphoneos;
				SWIFT_OPTIMIZATION_LEVEL = "-Owholemodule";
				TARGETED_DEVICE_FAMILY = "1,2";
				VALIDATE_PRODUCT = YES;
			};
			name = Release;
		};
		BDA48B381EEEB88E00997FDE /* Debug */ = {
			isa = XCBuildConfiguration;
			buildSettings = {
				ALWAYS_EMBED_SWIFT_STANDARD_LIBRARIES = YES;
				ASSETCATALOG_COMPILER_APPICON_NAME = AppIcon;
				CLANG_ENABLE_MODULES = YES;
				DEVELOPMENT_TEAM = A3FWCZ2C85;
				INFOPLIST_FILE = speedtest/Info.plist;
				LD_RUNPATH_SEARCH_PATHS = "$(inherited) @executable_path/Frameworks";
				PRODUCT_BUNDLE_IDENTIFIER = sug.speedtest;
				PRODUCT_NAME = "$(TARGET_NAME)";
				SWIFT_OBJC_BRIDGING_HEADER = "speedtest/speedtest-Bridging-Header.h";
				SWIFT_OPTIMIZATION_LEVEL = "-Onone";
				SWIFT_VERSION = 3.0;
			};
			name = Debug;
		};
		BDA48B391EEEB88E00997FDE /* Release */ = {
			isa = XCBuildConfiguration;
			buildSettings = {
				ALWAYS_EMBED_SWIFT_STANDARD_LIBRARIES = YES;
				ASSETCATALOG_COMPILER_APPICON_NAME = AppIcon;
				CLANG_ENABLE_MODULES = YES;
				DEVELOPMENT_TEAM = A3FWCZ2C85;
				INFOPLIST_FILE = speedtest/Info.plist;
				LD_RUNPATH_SEARCH_PATHS = "$(inherited) @executable_path/Frameworks";
				PRODUCT_BUNDLE_IDENTIFIER = sug.speedtest;
				PRODUCT_NAME = "$(TARGET_NAME)";
				SWIFT_OBJC_BRIDGING_HEADER = "speedtest/speedtest-Bridging-Header.h";
				SWIFT_VERSION = 3.0;
			};
			name = Release;
		};
/* End XCBuildConfiguration section */

/* Begin XCConfigurationList section */
		BDA48B201EEEB88E00997FDE /* Build configuration list for PBXProject "speedtest" */ = {
			isa = XCConfigurationList;
			buildConfigurations = (
				BDA48B351EEEB88E00997FDE /* Debug */,
				BDA48B361EEEB88E00997FDE /* Release */,
			);
			defaultConfigurationIsVisible = 0;
			defaultConfigurationName = Release;
		};
		BDA48B371EEEB88E00997FDE /* Build configuration list for PBXNativeTarget "speedtest" */ = {
			isa = XCConfigurationList;
			buildConfigurations = (
				BDA48B381EEEB88E00997FDE /* Debug */,
				BDA48B391EEEB88E00997FDE /* Release */,
			);
			defaultConfigurationIsVisible = 0;
			defaultConfigurationName = Release;
		};
/* End XCConfigurationList section */
	};
	rootObject = BDA48B1D1EEEB88E00997FDE /* Project object */;
}
